{
  "name": "quotz",
  "version": "1.0.0",
  "lockfileVersion": 3,
  "requires": true,
  "packages": {
    "": {
      "name": "quotz",
      "version": "1.0.0",
      "license": "ISC",
      "workspaces": [
        "packages/core",
        "packages/cli",
        "packages/api",
        "packages/web"
      ]
    },
    "node_modules/@quotz/api": {
      "resolved": "packages/api",
      "link": true
    },
    "node_modules/@quotz/cli": {
      "resolved": "packages/cli",
      "link": true
    },
    "node_modules/@quotz/core": {
      "resolved": "packages/core",
      "link": true
    },
    "node_modules/@quotz/web": {
      "resolved": "packages/web",
      "link": true
    },
    "packages/api": {
      "name": "@quotz/api",
      "version": "1.0.0",
      "license": "ISC",
      "devDependencies": {}
    },
    "packages/cli": {
      "name": "@quotz/cli",
      "version": "1.0.0",
      "license": "ISC",
      "devDependencies": {}
    },
    "packages/core": {
      "name": "@quotz/core",
      "version": "1.0.0",
      "license": "ISC"
    },
    "packages/web": {
      "version": "1.0.0",
      "license": "ISC",
      "devDependencies": {}
    }
  }
}
